PODS:
  - ImageCacheiOS (0.0.2)
  - iOSCoreDataConnect (0.0.1)
  - iOSHTTPConnect (0.0.2)
  - iOSLoader (0.0.5)

DEPENDENCIES:
  - ImageCacheiOS (~> 0.0.2)
  - iOSCoreDataConnect (~> 0.0.1)
  - iOSHTTPConnect (~> 0.0.2)
  - iOSLoader (~> 0.0.5)

SPEC REPOS:
  trunk:
    - ImageCacheiOS
    - iOSCoreDataConnect
    - iOSHTTPConnect
    - iOSLoader

SPEC CHECKSUMS:
  ImageCacheiOS: e75f76a08e61abff421e5cbd77c54d4a79167566
  iOSCoreDataConnect: 17207b3c9b49f94efc336ae51215472495750fdc
  iOSHTTPConnect: 909da413ff36dd17382901edbcb3ec44b943575a
  iOSLoader: 3501de34f8aa74a29a32920232081a980c033a04

PODFILE CHECKSUM: b2788438885dc324494c91ff58d11131a63ce350

COCOAPODS: 1.8.4
